
Microsoft Visual Studio Solution File, Format Version 12.00
# Visual Studio Version 17
VisualStudioVersion = 17.1.32319.34
MinimumVisualStudioVersion = 10.0.40219.1
Project("{2150E333-8FDC-42A3-9474-1A3956D46DE8}") = "01-Exercicio (BRLxUSD)", "01-Exercicio (BRLxUSD)", "{2CC58B13-5C14-4F7E-B5D1-94A239C4C91A}"
EndProject
Project("{9A19103F-16F7-4668-BE54-9A1E7A4F7556}") = "Exercicio.Um", "Exercicio.Um\Exercicio.Um.csproj", "{716DA9D1-9397-45EC-85CC-5DF572701E16}"
EndProject
Project("{2150E333-8FDC-42A3-9474-1A3956D46DE8}") = "02-Exercicio (USDxBRL)", "02-Exercicio (USDxBRL)", "{77C11DA1-0A44-41B5-8164-D4151640679A}"
EndProject
Project("{9A19103F-16F7-4668-BE54-9A1E7A4F7556}") = "Exercicio.Dois", "Exercicio.Dois\Exercicio.Dois.csproj", "{E55C0940-67DF-4DD5-928F-9C4E4ED8E2E3}"
EndProject
Project("{2150E333-8FDC-42A3-9474-1A3956D46DE8}") = "03-Exercicio (Km-L)", "03-Exercicio (Km-L)", "{0B924DC9-6F79-4886-8400-1FE35F1576FF}"
EndProject
Project("{9A19103F-16F7-4668-BE54-9A1E7A4F7556}") = "Exercicio.Tres", "Exercicio.Tres\Exercicio.Tres.csproj", "{5533C437-8A5E-4134-A472-4090A107C56A}"
EndProject
Project("{2150E333-8FDC-42A3-9474-1A3956D46DE8}") = "04-Exercicio (calc idade)", "04-Exercicio (calc idade)", "{28A52C64-4349-4A23-8586-EB89C2A3F331}"
EndProject
Project("{9A19103F-16F7-4668-BE54-9A1E7A4F7556}") = "Exercicio.Quatro", "Exercicio.Quatro\Exercicio.Quatro.csproj", "{792ED99B-4675-4B83-8469-9CDDF3C1A49B}"
EndProject
Project("{2150E333-8FDC-42A3-9474-1A3956D46DE8}") = "05-Exercicio (Calculadora)", "05-Exercicio (Calculadora)", "{8F678360-363A-4059-90FB-1DE1F7CB225D}"
EndProject
Project("{9A19103F-16F7-4668-BE54-9A1E7A4F7556}") = "Exercicio.Cinco", "Exercicio.Cinco\Exercicio.Cinco.csproj", "{B858BBDB-29AF-4371-B010-F4891C48A650}"
EndProject
Project("{2150E333-8FDC-42A3-9474-1A3956D46DE8}") = "06-Exercicio (Qt Vogais)", "06-Exercicio (Qt Vogais)", "{47D568EA-7FB1-4DE9-82FD-AAD5335C2D15}"
EndProject
Project("{9A19103F-16F7-4668-BE54-9A1E7A4F7556}") = "Exercicio.Seis", "Exercicio.Seis\Exercicio.Seis.csproj", "{EFAFAA49-1DD3-4745-81B0-610BB7F303B5}"
EndProject
Project("{2150E333-8FDC-42A3-9474-1A3956D46DE8}") = "01-Exemplo", "01-Exemplo", "{0C9FDC2D-05EA-4D92-B75F-8EBEF687216F}"
EndProject
Project("{9A19103F-16F7-4668-BE54-9A1E7A4F7556}") = "Exemplo.Um", "Exercicio.Sete\Exemplo.Um.csproj", "{A8230C34-CD9F-4117-B692-C15EB61351D4}"
EndProject
Project("{2150E333-8FDC-42A3-9474-1A3956D46DE8}") = "Lista02-POO", "Lista02-POO", "{5C0AE5DC-2298-454B-A4DC-ED54FBFA86A8}"
EndProject
Project("{2150E333-8FDC-42A3-9474-1A3956D46DE8}") = "Lista01-POO", "Lista01-POO", "{F8B49A3E-D6A6-48CE-97BA-AA6D6B028439}"
EndProject
Project("{2150E333-8FDC-42A3-9474-1A3956D46DE8}") = "Lista03-POO", "Lista03-POO", "{8E8BF044-0719-4BCA-888E-BF1CE9DBF252}"
EndProject
Project("{2150E333-8FDC-42A3-9474-1A3956D46DE8}") = "02-Exemplo", "02-Exemplo", "{5D3E3662-ED04-4634-A342-D963D82934C2}"
EndProject
Project("{FAE04EC0-301F-11D3-BF4B-00C04F79EFBC}") = "Exemplo.Dois", "Exemplo.Dois\Exemplo.Dois.csproj", "{1892EC02-3FCC-4905-B3D2-5A7921CEF727}"
EndProject
Project("{2150E333-8FDC-42A3-9474-1A3956D46DE8}") = "07-Exercicio", "07-Exercicio", "{958B0D43-6E39-4919-BED7-CC05B15223A2}"
EndProject
Global
	GlobalSection(SolutionConfigurationPlatforms) = preSolution
		Debug|Any CPU = Debug|Any CPU
		Release|Any CPU = Release|Any CPU
	EndGlobalSection
	GlobalSection(ProjectConfigurationPlatforms) = postSolution
		{716DA9D1-9397-45EC-85CC-5DF572701E16}.Debug|Any CPU.ActiveCfg = Debug|Any CPU
		{716DA9D1-9397-45EC-85CC-5DF572701E16}.Debug|Any CPU.Build.0 = Debug|Any CPU
		{716DA9D1-9397-45EC-85CC-5DF572701E16}.Release|Any CPU.ActiveCfg = Release|Any CPU
		{716DA9D1-9397-45EC-85CC-5DF572701E16}.Release|Any CPU.Build.0 = Release|Any CPU
		{E55C0940-67DF-4DD5-928F-9C4E4ED8E2E3}.Debug|Any CPU.ActiveCfg = Debug|Any CPU
		{E55C0940-67DF-4DD5-928F-9C4E4ED8E2E3}.Debug|Any CPU.Build.0 = Debug|Any CPU
		{E55C0940-67DF-4DD5-928F-9C4E4ED8E2E3}.Release|Any CPU.ActiveCfg = Release|Any CPU
		{E55C0940-67DF-4DD5-928F-9C4E4ED8E2E3}.Release|Any CPU.Build.0 = Release|Any CPU
		{5533C437-8A5E-4134-A472-4090A107C56A}.Debug|Any CPU.ActiveCfg = Debug|Any CPU
		{5533C437-8A5E-4134-A472-4090A107C56A}.Debug|Any CPU.Build.0 = Debug|Any CPU
		{5533C437-8A5E-4134-A472-4090A107C56A}.Release|Any CPU.ActiveCfg = Release|Any CPU
		{5533C437-8A5E-4134-A472-4090A107C56A}.Release|Any CPU.Build.0 = Release|Any CPU
		{792ED99B-4675-4B83-8469-9CDDF3C1A49B}.Debug|Any CPU.ActiveCfg = Debug|Any CPU
		{792ED99B-4675-4B83-8469-9CDDF3C1A49B}.Debug|Any CPU.Build.0 = Debug|Any CPU
		{792ED99B-4675-4B83-8469-9CDDF3C1A49B}.Release|Any CPU.ActiveCfg = Release|Any CPU
		{792ED99B-4675-4B83-8469-9CDDF3C1A49B}.Release|Any CPU.Build.0 = Release|Any CPU
		{B858BBDB-29AF-4371-B010-F4891C48A650}.Debug|Any CPU.ActiveCfg = Debug|Any CPU
		{B858BBDB-29AF-4371-B010-F4891C48A650}.Debug|Any CPU.Build.0 = Debug|Any CPU
		{B858BBDB-29AF-4371-B010-F4891C48A650}.Release|Any CPU.ActiveCfg = Release|Any CPU
		{B858BBDB-29AF-4371-B010-F4891C48A650}.Release|Any CPU.Build.0 = Release|Any CPU
		{EFAFAA49-1DD3-4745-81B0-610BB7F303B5}.Debug|Any CPU.ActiveCfg = Debug|Any CPU
		{EFAFAA49-1DD3-4745-81B0-610BB7F303B5}.Debug|Any CPU.Build.0 = Debug|Any CPU
		{EFAFAA49-1DD3-4745-81B0-610BB7F303B5}.Release|Any CPU.ActiveCfg = Release|Any CPU
		{EFAFAA49-1DD3-4745-81B0-610BB7F303B5}.Release|Any CPU.Build.0 = Release|Any CPU
		{A8230C34-CD9F-4117-B692-C15EB61351D4}.Debug|Any CPU.ActiveCfg = Debug|Any CPU
		{A8230C34-CD9F-4117-B692-C15EB61351D4}.Debug|Any CPU.Build.0 = Debug|Any CPU
		{A8230C34-CD9F-4117-B692-C15EB61351D4}.Release|Any CPU.ActiveCfg = Release|Any CPU
		{A8230C34-CD9F-4117-B692-C15EB61351D4}.Release|Any CPU.Build.0 = Release|Any CPU
		{1892EC02-3FCC-4905-B3D2-5A7921CEF727}.Debug|Any CPU.ActiveCfg = Debug|Any CPU
		{1892EC02-3FCC-4905-B3D2-5A7921CEF727}.Debug|Any CPU.Build.0 = Debug|Any CPU
		{1892EC02-3FCC-4905-B3D2-5A7921CEF727}.Release|Any CPU.ActiveCfg = Release|Any CPU
		{1892EC02-3FCC-4905-B3D2-5A7921CEF727}.Release|Any CPU.Build.0 = Release|Any CPU
	EndGlobalSection
	GlobalSection(SolutionProperties) = preSolution
		HideSolutionNode = FALSE
	EndGlobalSection
	GlobalSection(NestedProjects) = preSolution
		{2CC58B13-5C14-4F7E-B5D1-94A239C4C91A} = {F8B49A3E-D6A6-48CE-97BA-AA6D6B028439}
		{716DA9D1-9397-45EC-85CC-5DF572701E16} = {2CC58B13-5C14-4F7E-B5D1-94A239C4C91A}
		{77C11DA1-0A44-41B5-8164-D4151640679A} = {F8B49A3E-D6A6-48CE-97BA-AA6D6B028439}
		{E55C0940-67DF-4DD5-928F-9C4E4ED8E2E3} = {77C11DA1-0A44-41B5-8164-D4151640679A}
		{0B924DC9-6F79-4886-8400-1FE35F1576FF} = {F8B49A3E-D6A6-48CE-97BA-AA6D6B028439}
		{5533C437-8A5E-4134-A472-4090A107C56A} = {0B924DC9-6F79-4886-8400-1FE35F1576FF}
		{28A52C64-4349-4A23-8586-EB89C2A3F331} = {F8B49A3E-D6A6-48CE-97BA-AA6D6B028439}
		{792ED99B-4675-4B83-8469-9CDDF3C1A49B} = {28A52C64-4349-4A23-8586-EB89C2A3F331}
		{8F678360-363A-4059-90FB-1DE1F7CB225D} = {F8B49A3E-D6A6-48CE-97BA-AA6D6B028439}
		{B858BBDB-29AF-4371-B010-F4891C48A650} = {8F678360-363A-4059-90FB-1DE1F7CB225D}
		{47D568EA-7FB1-4DE9-82FD-AAD5335C2D15} = {F8B49A3E-D6A6-48CE-97BA-AA6D6B028439}
		{EFAFAA49-1DD3-4745-81B0-610BB7F303B5} = {47D568EA-7FB1-4DE9-82FD-AAD5335C2D15}
		{0C9FDC2D-05EA-4D92-B75F-8EBEF687216F} = {5C0AE5DC-2298-454B-A4DC-ED54FBFA86A8}
		{A8230C34-CD9F-4117-B692-C15EB61351D4} = {0C9FDC2D-05EA-4D92-B75F-8EBEF687216F}
		{5D3E3662-ED04-4634-A342-D963D82934C2} = {5C0AE5DC-2298-454B-A4DC-ED54FBFA86A8}
		{1892EC02-3FCC-4905-B3D2-5A7921CEF727} = {5D3E3662-ED04-4634-A342-D963D82934C2}
		{958B0D43-6E39-4919-BED7-CC05B15223A2} = {8E8BF044-0719-4BCA-888E-BF1CE9DBF252}
	EndGlobalSection
	GlobalSection(ExtensibilityGlobals) = postSolution
		SolutionGuid = {1C4E9C72-E833-485A-8524-DE3EED424D0B}
	EndGlobalSection
EndGlobal
